{
  "nodes": {
    "nixpkgs": {
      "locked": {
        "lastModified": 1739410659,
        "narHash": "sha256-XKy0gwoLOxE6kCeYPcACCdHWMWS1mU1A/bGwG+E2y4I=",
        "owner": "NixOS",
        "repo": "nixpkgs",
        "rev": "c95a8ce2a5bbfad1e3b179b1a9e6f6b512129f84",
        "type": "github"
      },
      "original": {
        "owner": "NixOS",
        "repo": "nixpkgs",
        "type": "github"
      }
    },
    "root": {
      "inputs": {
        "nixpkgs": "nixpkgs"
      }
    }
  },
  "root": "root",
  "version": 7
}
